
Microsoft Visual Studio Solution File, Format Version 12.00
# Visual Studio Version 17
VisualStudioVersion = 17.0.31919.166
MinimumVisualStudioVersion = 10.0.40219.1
Project("{FAE04EC0-301F-11D3-BF4B-00C04F79EFBC}") = "ResturentAPI", "ResturentAPI\ResturentAPI.csproj", "{F5628ACA-A8C8-4927-AF0B-ECD968AFBC8E}"
EndProject
Global
	GlobalSection(SolutionConfigurationPlatforms) = preSolution
		Debug|Any CPU = Debug|Any CPU
		Release|Any CPU = Release|Any CPU
	EndGlobalSection
	GlobalSection(ProjectConfigurationPlatforms) = postSolution
		{F5628ACA-A8C8-4927-AF0B-ECD968AFBC8E}.Debug|Any CPU.ActiveCfg = Debug|Any CPU
		{F5628ACA-A8C8-4927-AF0B-ECD968AFBC8E}.Debug|Any CPU.Build.0 = Debug|Any CPU
		{F5628ACA-A8C8-4927-AF0B-ECD968AFBC8E}.Release|Any CPU.ActiveCfg = Release|Any CPU
		{F5628ACA-A8C8-4927-AF0B-ECD968AFBC8E}.Release|Any CPU.Build.0 = Release|Any CPU
	EndGlobalSection
	GlobalSection(SolutionProperties) = preSolution
		HideSolutionNode = FALSE
	EndGlobalSection
	GlobalSection(ExtensibilityGlobals) = postSolution
		SolutionGuid = {06732D7F-ADCE-4712-8092-E130D286A6E3}
	EndGlobalSection
EndGlobal
